{
  "name": "blog",
  "version": "0.1.0",
  "lockfileVersion": 3,
  "requires": true,
  "packages": {
    "": {
      "name": "blog",
      "version": "0.1.0",
      "hasInstallScript": true,
      "dependencies": {
        "@chadonsom/sticky-headings": "^0.1.1",
        "@chadonsom/topography-toggle": "^0.3.1"
      }
    },
    "node_modules/@chadonsom/sticky-headings": {
      "version": "0.1.1",
      "resolved": "https://registry.npmjs.org/@chadonsom/sticky-headings/-/sticky-headings-0.1.1.tgz",
      "integrity": "sha512-59d3+JSZn5cQexa18fogHodhandCHw4NxLFWPPS0XBtnDXJ/hQCG8CozVW24rhDQEeX2Brc0emfDRcC10OKDZA==",
      "license": "MIT"
    },
    "node_modules/@chadonsom/topography-toggle": {
      "version": "0.3.1",
      "resolved": "https://registry.npmjs.org/@chadonsom/topography-toggle/-/topography-toggle-0.3.1.tgz",
      "integrity": "sha512-dIAjhKjGiwkmrwD04tynPACISmQoQ/DTju0rrXKKdW/QqZ38yAUFnFm4EYDrwYUSbp81scvS5I03JMbJupEnVQ==",
      "license": "MIT"
    }
  }
}
